Microsoft Visual Studio Solution File, Format Version 12.00
# Visual Studio Version 17
VisualStudioVersion = 17.8.34309.116
MinimumVisualStudioVersion = 10.0.40219.1
Project("{FAE04EC0-301F-11D3-BF4B-00C04F79EFBC}") = "Sgae.Domain", "Sgae.Domain\Sgae.Domain.csproj", "{D1C1B1A1-2C22-4D33-8E44-9F55A66BCC11}"
EndProject
Project("{FAE04EC0-301F-11D3-BF4B-00C04F79EFBC}") = "Sgae.Application", "Sgae.Application\Sgae.Application.csproj", "{A1C1B1A5-3C22-4D33-8E44-9F55A66BCC22}"
EndProject
Project("{FAE04EC0-301F-11D3-BF4B-00C04F79EFBC}") = "Sgae.Infrastructure", "Sgae.Infrastructure\Sgae.Infrastructure.csproj", "{I1C1B1A7-4C22-4D33-8E44-9F55A66BCC33}"
EndProject
Project("{FAE04EC0-301F-11D3-BF4B-00C04F79EFBC}") = "Sgae.API", "Sgae.API\Sgae.API.csproj", "{P1C1B1A9-5C22-4D33-8E44-9F55A66BCC44}"
EndProject
Project("{FAE04EC0-301F-11D3-BF4B-00C04F79EFBC}") = "Sgae.Domain.Tests", "Sgae.Domain.Tests\Sgae.Domain.Tests.csproj", "{T1C1B1A9-6C22-4D33-8E44-9F55A66BCC55}"
EndProject
Project("{FAE04EC0-301F-11D3-BF4B-00C04F79EFBC}") = "Sgae.Application.Tests", "Sgae.Application.Tests\Sgae.Application.Tests.csproj", "{A1C1B1A5-3C22-4D33-8E44-9F55A66BCC99}"
EndProject